// !$*UTF8*$!
{
	archiveVersion = 1;
	classes = {
	};
	objectVersion = 50;
	objects = {

/* Begin PBXBuildFile section */
		283D2DF8226EC6920059773D /* Cell.swift in Sources */ = {isa = PBXBuildFile; fileRef = 283D2DF7226EC6920059773D /* Cell.swift */; };
		283D2DFA226ECA220059773D /* State.swift in Sources */ = {isa = PBXBuildFile; fileRef = 283D2DF9226ECA220059773D /* State.swift */; };
		283D2DFC226EE0C20059773D /* Header.swift in Sources */ = {isa = PBXBuildFile; fileRef = 283D2DFB226EE0C20059773D /* Header.swift */; };
		283D2DFE2270B7650059773D /* Model.swift in Sources */ = {isa = PBXBuildFile; fileRef = 283D2DFD2270B7650059773D /* Model.swift */; };
		285B4F8422989BD40056B999 /* Constants.swift in Sources */ = {isa = PBXBuildFile; fileRef = 285B4F8322989BD40056B999 /* Constants.swift */; };
		285B4F8622989C200056B999 /* Landmarks.swift in Sources */ = {isa = PBXBuildFile; fileRef = 285B4F8522989C200056B999 /* Landmarks.swift */; };
		285B4F882298DE930056B999 /* TabBarController.swift in Sources */ = {isa = PBXBuildFile; fileRef = 285B4F872298DE930056B999 /* TabBarController.swift */; };
		285B4F8B2298DF1E0056B999 /* ProjectionsViewController.swift in Sources */ = {isa = PBXBuildFile; fileRef = 285B4F8A2298DF1E0056B999 /* ProjectionsViewController.swift */; };
		285B4F8D229915EC0056B999 /* TrainingPaceCell.swift in Sources */ = {isa = PBXBuildFile; fileRef = 285B4F8C229915EC0056B999 /* TrainingPaceCell.swift */; };
		285B4F8F229928C80056B999 /* WelcomeView.swift in Sources */ = {isa = PBXBuildFile; fileRef = 285B4F8E229928C80056B999 /* WelcomeView.swift */; };
		285B4F92229F9ED70056B999 /* RaceTimeViewController.swift in Sources */ = {isa = PBXBuildFile; fileRef = 285B4F91229F9ED70056B999 /* RaceTimeViewController.swift */; };
		285B4F9522A176240056B999 /* Components.swift in Sources */ = {isa = PBXBuildFile; fileRef = 285B4F9422A176240056B999 /* Components.swift */; };
		285B4F9722A6BC680056B999 /* ProjectionsView.swift in Sources */ = {isa = PBXBuildFile; fileRef = 285B4F9622A6BC680056B999 /* ProjectionsView.swift */; };
		285B4F9922A816F20056B999 /* Calculator.swift in Sources */ = {isa = PBXBuildFile; fileRef = 285B4F9822A816F20056B999 /* Calculator.swift */; };
		28A2BCFA226EB31E006CD3A0 /* AppDelegate.swift in Sources */ = {isa = PBXBuildFile; fileRef = 28A2BCF9226EB31E006CD3A0 /* AppDelegate.swift */; };
		28A2BCFC226EB31E006CD3A0 /* ViewController.swift in Sources */ = {isa = PBXBuildFile; fileRef = 28A2BCFB226EB31E006CD3A0 /* ViewController.swift */; };
		28A2BD01226EB31F006CD3A0 /* Assets.xcassets in Resources */ = {isa = PBXBuildFile; fileRef = 28A2BD00226EB31F006CD3A0 /* Assets.xcassets */; };
		28A2BD04226EB31F006CD3A0 /* LaunchScreen.storyboard in Resources */ = {isa = PBXBuildFile; fileRef = 28A2BD02226EB31F006CD3A0 /* LaunchScreen.storyboard */; };
		28B33CD5228BD6E500C5120C /* DistanceCell.swift in Sources */ = {isa = PBXBuildFile; fileRef = 28B33CD4228BD6E500C5120C /* DistanceCell.swift */; };
/* End PBXBuildFile section */

/* Begin PBXFileReference section */
		283D2DF7226EC6920059773D /* Cell.swift */ = {isa = PBXFileReference; lastKnownFileType = sourcecode.swift; path = Cell.swift; sourceTree = "<group>"; };
		283D2DF9226ECA220059773D /* State.swift */ = {isa = PBXFileReference; lastKnownFileType = sourcecode.swift; path = State.swift; sourceTree = "<group>"; };
		283D2DFB226EE0C20059773D /* Header.swift */ = {isa = PBXFileReference; lastKnownFileType = sourcecode.swift; path = Header.swift; sourceTree = "<group>"; };
		283D2DFD2270B7650059773D /* Model.swift */ = {isa = PBXFileReference; lastKnownFileType = sourcecode.swift; path = Model.swift; sourceTree = "<group>"; };
		285B4F8322989BD40056B999 /* Constants.swift */ = {isa = PBXFileReference; fileEncoding = 4; lastKnownFileType = sourcecode.swift; path = Constants.swift; sourceTree = "<group>"; };
		285B4F8522989C200056B999 /* Landmarks.swift */ = {isa = PBXFileReference; lastKnownFileType = sourcecode.swift; path = Landmarks.swift; sourceTree = "<group>"; };
		285B4F872298DE930056B999 /* TabBarController.swift */ = {isa = PBXFileReference; lastKnownFileType = sourcecode.swift; path = TabBarController.swift; sourceTree = "<group>"; };
		285B4F8A2298DF1E0056B999 /* ProjectionsViewController.swift */ = {isa = PBXFileReference; lastKnownFileType = sourcecode.swift; path = ProjectionsViewController.swift; sourceTree = "<group>"; };
		285B4F8C229915EC0056B999 /* TrainingPaceCell.swift */ = {isa = PBXFileReference; lastKnownFileType = sourcecode.swift; path = TrainingPaceCell.swift; sourceTree = "<group>"; };
		285B4F8E229928C80056B999 /* WelcomeView.swift */ = {isa = PBXFileReference; lastKnownFileType = sourcecode.swift; path = WelcomeView.swift; sourceTree = "<group>"; };
		285B4F91229F9ED70056B999 /* RaceTimeViewController.swift */ = {isa = PBXFileReference; lastKnownFileType = sourcecode.swift; path = RaceTimeViewController.swift; sourceTree = "<group>"; };
		285B4F9422A176240056B999 /* Components.swift */ = {isa = PBXFileReference; lastKnownFileType = sourcecode.swift; path = Components.swift; sourceTree = "<group>"; };
		285B4F9622A6BC680056B999 /* ProjectionsView.swift */ = {isa = PBXFileReference; lastKnownFileType = sourcecode.swift; path = ProjectionsView.swift; sourceTree = "<group>"; };
		285B4F9822A816F20056B999 /* Calculator.swift */ = {isa = PBXFileReference; lastKnownFileType = sourcecode.swift; path = Calculator.swift; sourceTree = "<group>"; };
		28A2BCF6226EB31E006CD3A0 /* RacePace.app */ = {isa = PBXFileReference; explicitFileType = wrapper.application; includeInIndex = 0; path = RacePace.app; sourceTree = BUILT_PRODUCTS_DIR; };
		28A2BCF9226EB31E006CD3A0 /* AppDelegate.swift */ = {isa = PBXFileReference; lastKnownFileType = sourcecode.swift; path = AppDelegate.swift; sourceTree = "<group>"; };
		28A2BCFB226EB31E006CD3A0 /* ViewController.swift */ = {isa = PBXFileReference; lastKnownFileType = sourcecode.swift; path = ViewController.swift; sourceTree = "<group>"; };
		28A2BD00226EB31F006CD3A0 /* Assets.xcassets */ = {isa = PBXFileReference; lastKnownFileType = folder.assetcatalog; path = Assets.xcassets; sourceTree = "<group>"; };
		28A2BD03226EB31F006CD3A0 /* Base */ = {isa = PBXFileReference; lastKnownFileType = file.storyboard; name = Base; path = Base.lproj/LaunchScreen.storyboard; sourceTree = "<group>"; };
		28A2BD05226EB31F006CD3A0 /* Info.plist */ = {isa = PBXFileReference; lastKnownFileType = text.plist.xml; path = Info.plist; sourceTree = "<group>"; };
		28B33CD4228BD6E500C5120C /* DistanceCell.swift */ = {isa = PBXFileReference; lastKnownFileType = sourcecode.swift; path = DistanceCell.swift; sourceTree = "<group>"; };
/* End PBXFileReference section */

/* Begin PBXFrameworksBuildPhase section */
		28A2BCF3226EB31E006CD3A0 /* Frameworks */ = {
			isa = PBXFrameworksBuildPhase;
			buildActionMask = 2147483647;
			files = (
			);
			runOnlyForDeploymentPostprocessing = 0;
		};
/* End PBXFrameworksBuildPhase section */

/* Begin PBXGroup section */
		285B4F8222989BBB0056B999 /* Constants */ = {
			isa = PBXGroup;
			children = (
				285B4F8322989BD40056B999 /* Constants.swift */,
				285B4F8522989C200056B999 /* Landmarks.swift */,
			);
			path = Constants;
			sourceTree = "<group>";
		};
		285B4F892298DF0D0056B999 /* Projections */ = {
			isa = PBXGroup;
			children = (
				285B4F90229F9E780056B999 /* NUX */,
				285B4F8A2298DF1E0056B999 /* ProjectionsViewController.swift */,
				285B4F8E229928C80056B999 /* WelcomeView.swift */,
				285B4F9622A6BC680056B999 /* ProjectionsView.swift */,
				285B4F8C229915EC0056B999 /* TrainingPaceCell.swift */,
				285B4F9822A816F20056B999 /* Calculator.swift */,
			);
			path = Projections;
			sourceTree = "<group>";
		};
		285B4F90229F9E780056B999 /* NUX */ = {
			isa = PBXGroup;
			children = (
				285B4F91229F9ED70056B999 /* RaceTimeViewController.swift */,
			);
			path = NUX;
			sourceTree = "<group>";
		};
		285B4F9322A175F40056B999 /* Core */ = {
			isa = PBXGroup;
			children = (
				285B4F9422A176240056B999 /* Components.swift */,
			);
			path = Core;
			sourceTree = "<group>";
		};
		28A2BCED226EB31E006CD3A0 = {
			isa = PBXGroup;
			children = (
				28A2BCF8226EB31E006CD3A0 /* RacePace */,
				28A2BCF7226EB31E006CD3A0 /* Products */,
			);
			sourceTree = "<group>";
		};
		28A2BCF7226EB31E006CD3A0 /* Products */ = {
			isa = PBXGroup;
			children = (
				28A2BCF6226EB31E006CD3A0 /* RacePace.app */,
			);
			name = Products;
			sourceTree = "<group>";
		};
		28A2BCF8226EB31E006CD3A0 /* RacePace */ = {
			isa = PBXGroup;
			children = (
				285B4F9322A175F40056B999 /* Core */,
				285B4F892298DF0D0056B999 /* Projections */,
				28A2BCF9226EB31E006CD3A0 /* AppDelegate.swift */,
				285B4F872298DE930056B999 /* TabBarController.swift */,
				28B33CD3228BD69B00C5120C /* Views */,
				28B33CD0228BC6CE00C5120C /* State */,
				28A2BCFB226EB31E006CD3A0 /* ViewController.swift */,
				283D2DFD2270B7650059773D /* Model.swift */,
				285B4F8222989BBB0056B999 /* Constants */,
				28A2BD00226EB31F006CD3A0 /* Assets.xcassets */,
				28A2BD02226EB31F006CD3A0 /* LaunchScreen.storyboard */,
				28A2BD05226EB31F006CD3A0 /* Info.plist */,
			);
			path = RacePace;
			sourceTree = "<group>";
		};
		28B33CD0228BC6CE00C5120C /* State */ = {
			isa = PBXGroup;
			children = (
				283D2DF9226ECA220059773D /* State.swift */,
			);
			path = State;
			sourceTree = "<group>";
		};
		28B33CD3228BD69B00C5120C /* Views */ = {
			isa = PBXGroup;
			children = (
				283D2DF7226EC6920059773D /* Cell.swift */,
				28B33CD4228BD6E500C5120C /* DistanceCell.swift */,
				283D2DFB226EE0C20059773D /* Header.swift */,
			);
			path = Views;
			sourceTree = "<group>";
		};
/* End PBXGroup section */

/* Begin PBXNativeTarget section */
		28A2BCF5226EB31E006CD3A0 /* RacePace */ = {
			isa = PBXNativeTarget;
			buildConfigurationList = 28A2BD08226EB31F006CD3A0 /* Build configuration list for PBXNativeTarget "RacePace" */;
			buildPhases = (
				28A2BCF2226EB31E006CD3A0 /* Sources */,
				28A2BCF3226EB31E006CD3A0 /* Frameworks */,
				28A2BCF4226EB31E006CD3A0 /* Resources */,
			);
			buildRules = (
			);
			dependencies = (
			);
			name = RacePace;
			productName = Process;
			productReference = 28A2BCF6226EB31E006CD3A0 /* RacePace.app */;
			productType = "com.apple.product-type.application";
		};
/* End PBXNativeTarget section */

/* Begin PBXProject section */
		28A2BCEE226EB31E006CD3A0 /* Project object */ = {
			isa = PBXProject;
			attributes = {
				LastSwiftUpdateCheck = 1010;
				LastUpgradeCheck = 1010;
				ORGANIZATIONNAME = "Austin Louden";
				TargetAttributes = {
					28A2BCF5226EB31E006CD3A0 = {
						CreatedOnToolsVersion = 10.1;
					};
				};
			};
			buildConfigurationList = 28A2BCF1226EB31E006CD3A0 /* Build configuration list for PBXProject "RacePace" */;
			compatibilityVersion = "Xcode 9.3";
			developmentRegion = en;
			hasScannedForEncodings = 0;
			knownRegions = (
				en,
				Base,
			);
			mainGroup = 28A2BCED226EB31E006CD3A0;
			productRefGroup = 28A2BCF7226EB31E006CD3A0 /* Products */;
			projectDirPath = "";
			projectRoot = "";
			targets = (
				28A2BCF5226EB31E006CD3A0 /* RacePace */,
			);
		};
/* End PBXProject section */

/* Begin PBXResourcesBuildPhase section */
		28A2BCF4226EB31E006CD3A0 /* Resources */ = {
			isa = PBXResourcesBuildPhase;
			buildActionMask = 2147483647;
			files = (
				28A2BD04226EB31F006CD3A0 /* LaunchScreen.storyboard in Resources */,
				28A2BD01226EB31F006CD3A0 /* Assets.xcassets in Resources */,
			);
			runOnlyForDeploymentPostprocessing = 0;
		};
/* End PBXResourcesBuildPhase section */

/* Begin PBXSourcesBuildPhase section */
		28A2BCF2226EB31E006CD3A0 /* Sources */ = {
			isa = PBXSourcesBuildPhase;
			buildActionMask = 2147483647;
			files = (
				285B4F92229F9ED70056B999 /* RaceTimeViewController.swift in Sources */,
				28B33CD5228BD6E500C5120C /* DistanceCell.swift in Sources */,
				285B4F8422989BD40056B999 /* Constants.swift in Sources */,
				285B4F8D229915EC0056B999 /* TrainingPaceCell.swift in Sources */,
				285B4F8B2298DF1E0056B999 /* ProjectionsViewController.swift in Sources */,
				283D2DFC226EE0C20059773D /* Header.swift in Sources */,
				285B4F882298DE930056B999 /* TabBarController.swift in Sources */,
				285B4F9922A816F20056B999 /* Calculator.swift in Sources */,
				28A2BCFC226EB31E006CD3A0 /* ViewController.swift in Sources */,
				285B4F9522A176240056B999 /* Components.swift in Sources */,
				285B4F8F229928C80056B999 /* WelcomeView.swift in Sources */,
				283D2DF8226EC6920059773D /* Cell.swift in Sources */,
				285B4F9722A6BC680056B999 /* ProjectionsView.swift in Sources */,
				283D2DFE2270B7650059773D /* Model.swift in Sources */,
				28A2BCFA226EB31E006CD3A0 /* AppDelegate.swift in Sources */,
				285B4F8622989C200056B999 /* Landmarks.swift in Sources */,
				283D2DFA226ECA220059773D /* State.swift in Sources */,
			);
			runOnlyForDeploymentPostprocessing = 0;
		};
/* End PBXSourcesBuildPhase section */

/* Begin PBXVariantGroup section */
		28A2BD02226EB31F006CD3A0 /* LaunchScreen.storyboard */ = {
			isa = PBXVariantGroup;
			children = (
				28A2BD03226EB31F006CD3A0 /* Base */,
			);
			name = LaunchScreen.storyboard;
			sourceTree = "<group>";
		};
/* End PBXVariantGroup section */

/* Begin XCBuildConfiguration section */
		28A2BD06226EB31F006CD3A0 /* Debug */ = {
			isa = XCBuildConfiguration;
			buildSettings = {
				ALWAYS_SEARCH_USER_PATHS = NO;
				CLANG_ANALYZER_NONNULL = YES;
				CLANG_ANALYZER_NUMBER_OBJECT_CONVERSION = YES_AGGRESSIVE;
				CLANG_CXX_LANGUAGE_STANDARD = "gnu++14";
				CLANG_CXX_LIBRARY = "libc++";
				CLANG_ENABLE_MODULES = YES;
				CLANG_ENABLE_OBJC_ARC = YES;
				CLANG_ENABLE_OBJC_WEAK = YES;
				CLANG_WARN_BLOCK_CAPTURE_AUTORELEASING = YES;
				CLANG_WARN_BOOL_CONVERSION = YES;
				CLANG_WARN_COMMA = YES;
				CLANG_WARN_CONSTANT_CONVERSION = YES;
				CLANG_WARN_DEPRECATED_OBJC_IMPLEMENTATIONS = YES;
				CLANG_WARN_DIRECT_OBJC_ISA_USAGE = YES_ERROR;
				CLANG_WARN_DOCUMENTATION_COMMENTS = YES;
				CLANG_WARN_EMPTY_BODY = YES;
				CLANG_WARN_ENUM_CONVERSION = YES;
				CLANG_WARN_INFINITE_RECURSION = YES;
				CLANG_WARN_INT_CONVERSION = YES;
				CLANG_WARN_NON_LITERAL_NULL_CONVERSION = YES;
				CLANG_WARN_OBJC_IMPLICIT_RETAIN_SELF = YES;
				CLANG_WARN_OBJC_LITERAL_CONVERSION = YES;
				CLANG_WARN_OBJC_ROOT_CLASS = YES_ERROR;
				CLANG_WARN_RANGE_LOOP_ANALYSIS = YES;
				CLANG_WARN_STRICT_PROTOTYPES = YES;
				CLANG_WARN_SUSPICIOUS_MOVE = YES;
				CLANG_WARN_UNGUARDED_AVAILABILITY = YES_AGGRESSIVE;
				CLANG_WARN_UNREACHABLE_CODE = YES;
				CLANG_WARN__DUPLICATE_METHOD_MATCH = YES;
				CODE_SIGN_IDENTITY = "iPhone Developer";
				COPY_PHASE_STRIP = NO;
				DEBUG_INFORMATION_FORMAT = dwarf;
				ENABLE_STRICT_OBJC_MSGSEND = YES;
				ENABLE_TESTABILITY = YES;
				GCC_C_LANGUAGE_STANDARD = gnu11;
				GCC_DYNAMIC_NO_PIC = NO;
				GCC_NO_COMMON_BLOCKS = YES;
				GCC_OPTIMIZATION_LEVEL = 0;
				GCC_PREPROCESSOR_DEFINITIONS = (
					"DEBUG=1",
					"$(inherited)",
				);
				GCC_WARN_64_TO_32_BIT_CONVERSION = YES;
				GCC_WARN_ABOUT_RETURN_TYPE = YES_ERROR;
				GCC_WARN_UNDECLARED_SELECTOR = YES;
				GCC_WARN_UNINITIALIZED_AUTOS = YES_AGGRESSIVE;
				GCC_WARN_UNUSED_FUNCTION = YES;
				GCC_WARN_UNUSED_VARIABLE = YES;
				IPHONEOS_DEPLOYMENT_TARGET = 12.1;
				MTL_ENABLE_DEBUG_INFO = INCLUDE_SOURCE;
				MTL_FAST_MATH = YES;
				ONLY_ACTIVE_ARCH = YES;
				SDKROOT = iphoneos;
				SWIFT_ACTIVE_COMPILATION_CONDITIONS = DEBUG;
				SWIFT_OPTIMIZATION_LEVEL = "-Onone";
			};
			name = Debug;
		};
		28A2BD07226EB31F006CD3A0 /* Release */ = {
			isa = XCBuildConfiguration;
			buildSettings = {
				ALWAYS_SEARCH_USER_PATHS = NO;
				CLANG_ANALYZER_NONNULL = YES;
				CLANG_ANALYZER_NUMBER_OBJECT_CONVERSION = YES_AGGRESSIVE;
				CLANG_CXX_LANGUAGE_STANDARD = "gnu++14";
				CLANG_CXX_LIBRARY = "libc++";
				CLANG_ENABLE_MODULES = YES;
				CLANG_ENABLE_OBJC_ARC = YES;
				CLANG_ENABLE_OBJC_WEAK = YES;
				CLANG_WARN_BLOCK_CAPTURE_AUTORELEASING = YES;
				CLANG_WARN_BOOL_CONVERSION = YES;
				CLANG_WARN_COMMA = YES;
				CLANG_WARN_CONSTANT_CONVERSION = YES;
				CLANG_WARN_DEPRECATED_OBJC_IMPLEMENTATIONS = YES;
				CLANG_WARN_DIRECT_OBJC_ISA_USAGE = YES_ERROR;
				CLANG_WARN_DOCUMENTATION_COMMENTS = YES;
				CLANG_WARN_EMPTY_BODY = YES;
				CLANG_WARN_ENUM_CONVERSION = YES;
				CLANG_WARN_INFINITE_RECURSION = YES;
				CLANG_WARN_INT_CONVERSION = YES;
				CLANG_WARN_NON_LITERAL_NULL_CONVERSION = YES;
				CLANG_WARN_OBJC_IMPLICIT_RETAIN_SELF = YES;
				CLANG_WARN_OBJC_LITERAL_CONVERSION = YES;
				CLANG_WARN_OBJC_ROOT_CLASS = YES_ERROR;
				CLANG_WARN_RANGE_LOOP_ANALYSIS = YES;
				CLANG_WARN_STRICT_PROTOTYPES = YES;
				CLANG_WARN_SUSPICIOUS_MOVE = YES;
				CLANG_WARN_UNGUARDED_AVAILABILITY = YES_AGGRESSIVE;
				CLANG_WARN_UNREACHABLE_CODE = YES;
				CLANG_WARN__DUPLICATE_METHOD_MATCH = YES;
				CODE_SIGN_IDENTITY = "iPhone Developer";
				COPY_PHASE_STRIP = NO;
				DEBUG_INFORMATION_FORMAT = "dwarf-with-dsym";
				ENABLE_NS_ASSERTIONS = NO;
				ENABLE_STRICT_OBJC_MSGSEND = YES;
				GCC_C_LANGUAGE_STANDARD = gnu11;
				GCC_NO_COMMON_BLOCKS = YES;
				GCC_WARN_64_TO_32_BIT_CONVERSION = YES;
				GCC_WARN_ABOUT_RETURN_TYPE = YES_ERROR;
				GCC_WARN_UNDECLARED_SELECTOR = YES;
				GCC_WARN_UNINITIALIZED_AUTOS = YES_AGGRESSIVE;
				GCC_WARN_UNUSED_FUNCTION = YES;
				GCC_WARN_UNUSED_VARIABLE = YES;
				IPHONEOS_DEPLOYMENT_TARGET = 12.1;
				MTL_ENABLE_DEBUG_INFO = NO;
				MTL_FAST_MATH = YES;
				SDKROOT = iphoneos;
				SWIFT_COMPILATION_MODE = wholemodule;
				SWIFT_OPTIMIZATION_LEVEL = "-O";
				VALIDATE_PRODUCT = YES;
			};
			name = Release;
		};
		28A2BD09226EB31F006CD3A0 /* Debug */ = {
			isa = XCBuildConfiguration;
			buildSettings = {
				ASSETCATALOG_COMPILER_APPICON_NAME = AppIcon;
				CODE_SIGN_STYLE = Manual;
				DEVELOPMENT_TEAM = ADSL89GH89;
				INFOPLIST_FILE = RacePace/Info.plist;
				LD_RUNPATH_SEARCH_PATHS = (
					"$(inherited)",
					"@executable_path/Frameworks",
				);
				PRODUCT_BUNDLE_IDENTIFIER = austinlouden.RacePace;
				PRODUCT_NAME = "$(TARGET_NAME)";
				PROVISIONING_PROFILE_SPECIFIER = "match Development austinlouden.RacePace";
				SWIFT_VERSION = 4.2;
				TARGETED_DEVICE_FAMILY = "1,2";
			};
			name = Debug;
		};
		28A2BD0A226EB31F006CD3A0 /* Release */ = {
			isa = XCBuildConfiguration;
			buildSettings = {
				ASSETCATALOG_COMPILER_APPICON_NAME = AppIcon;
				CODE_SIGN_IDENTITY = "iPhone Distribution";
				CODE_SIGN_STYLE = Manual;
				DEVELOPMENT_TEAM = ADSL89GH89;
				INFOPLIST_FILE = RacePace/Info.plist;
				LD_RUNPATH_SEARCH_PATHS = (
					"$(inherited)",
					"@executable_path/Frameworks",
				);
				PRODUCT_BUNDLE_IDENTIFIER = austinlouden.RacePace;
				PRODUCT_NAME = "$(TARGET_NAME)";
				PROVISIONING_PROFILE_SPECIFIER = "match AppStore austinlouden.RacePace";
				SWIFT_VERSION = 4.2;
				TARGETED_DEVICE_FAMILY = "1,2";
			};
			name = Release;
		};
/* End XCBuildConfiguration section */

/* Begin XCConfigurationList section */
		28A2BCF1226EB31E006CD3A0 /* Build configuration list for PBXProject "RacePace" */ = {
			isa = XCConfigurationList;
			buildConfigurations = (
				28A2BD06226EB31F006CD3A0 /* Debug */,
				28A2BD07226EB31F006CD3A0 /* Release */,
			);
			defaultConfigurationIsVisible = 0;
			defaultConfigurationName = Release;
		};
		28A2BD08226EB31F006CD3A0 /* Build configuration list for PBXNativeTarget "RacePace" */ = {
			isa = XCConfigurationList;
			buildConfigurations = (
				28A2BD09226EB31F006CD3A0 /* Debug */,
				28A2BD0A226EB31F006CD3A0 /* Release */,
			);
			defaultConfigurationIsVisible = 0;
			defaultConfigurationName = Release;
		};
/* End XCConfigurationList section */
	};
	rootObject = 28A2BCEE226EB31E006CD3A0 /* Project object */;
}
